
Microsoft Visual Studio Solution File, Format Version 12.00
# Visual Studio Version 16
VisualStudioVersion = 16.0.31515.178
MinimumVisualStudioVersion = 10.0.40219.1
Project("{9A19103F-16F7-4668-BE54-9A1E7A4F7556}") = "ReplaceWithAlphabetPosition", "ReplaceWithAlphabetPosition.csproj", "{779C9A42-3462-428C-B962-E037445228E1}"
EndProject
Project("{9A19103F-16F7-4668-BE54-9A1E7A4F7556}") = "ConvertStringToCamelCase", "..\ConvertStringToCamelCase\ConvertStringToCamelCase.csproj", "{377500E9-E33D-4B57-91B5-7A9118A32B6F}"
EndProject
Project("{9A19103F-16F7-4668-BE54-9A1E7A4F7556}") = "FindTheMissingLetter", "..\FindTheMissingLetter\FindTheMissingLetter.csproj", "{071E7292-BA65-4604-915A-F5804A1DBF2F}"
EndProject
Project("{FAE04EC0-301F-11D3-BF4B-00C04F79EFBC}") = "BinaryAddition", "..\BinaryAddition\BinaryAddition.csproj", "{54E821B4-2D97-48BF-BA36-2080193996F6}"
EndProject
Project("{FAE04EC0-301F-11D3-BF4B-00C04F79EFBC}") = "CountSmileys", "..\CountSmileys\CountSmileys.csproj", "{DE31C6EC-6E99-42AE-BCE9-35E4A010FC11}"
EndProject
Project("{FAE04EC0-301F-11D3-BF4B-00C04F79EFBC}") = "DeodorantEvaporator", "..\DeodorantEvaporator\DeodorantEvaporator.csproj", "{32C94398-647F-486F-B663-B352AC8DB89F}"
EndProject
Project("{FAE04EC0-301F-11D3-BF4B-00C04F79EFBC}") = "SortAndStar", "..\SortAndStar\SortAndStar.csproj", "{96BDE5E7-A5BB-4C51-A4F1-754B2B340F07}"
EndProject
Project("{FAE04EC0-301F-11D3-BF4B-00C04F79EFBC}") = "ReversedWords", "..\ReversedWords\ReversedWords.csproj", "{F9E18958-9067-4832-B9F8-DCB637FA5404}"
EndProject
Project("{FAE04EC0-301F-11D3-BF4B-00C04F79EFBC}") = "ReturningStrings", "..\ReturningStrings\ReturningStrings\ReturningStrings.csproj", "{6A850A4A-7FE5-4074-B703-4D798A2A0A45}"
EndProject
Project("{FAE04EC0-301F-11D3-BF4B-00C04F79EFBC}") = "AbbreviateATwoWordName", "..\AbbreviateATwoWordName\AbbreviateATwoWordName\AbbreviateATwoWordName.csproj", "{FA22D9EA-3203-4A83-9C2D-06509A0ADC6D}"
EndProject
Project("{FAE04EC0-301F-11D3-BF4B-00C04F79EFBC}") = "ReversedStrings", "..\ReversedStrings\ReversedStrings\ReversedStrings.csproj", "{101068A9-63FF-4502-9346-BA4A1482829A}"
EndProject
Project("{FAE04EC0-301F-11D3-BF4B-00C04F79EFBC}") = "HouseNumbersSum", "..\HouseNumbersSum\HouseNumbersSum\HouseNumbersSum.csproj", "{0B26EDC3-58C0-4437-8C7C-70942945AA6F}"
EndProject
Project("{FAE04EC0-301F-11D3-BF4B-00C04F79EFBC}") = "FindTheFirstNon-consecutiveNumber", "..\FindTheFirstNon-consecutiveNumber\FindTheFirstNon-consecutiveNumber\FindTheFirstNon-consecutiveNumber.csproj", "{27F602E3-12A9-4711-A2DF-AB113505F27F}"
EndProject
Project("{FAE04EC0-301F-11D3-BF4B-00C04F79EFBC}") = "StantonMeasure", "..\StantonMeasure\StantonMeasure\StantonMeasure.csproj", "{CF81849E-3B31-4B5F-BF16-65A3EBA46C39}"
EndProject
Project("{FAE04EC0-301F-11D3-BF4B-00C04F79EFBC}") = "CalculateAverage", "..\CalculateAverage\CalculateAverage\CalculateAverage.csproj", "{4B5846A3-2C4C-434A-84D4-AFAA35B5CB26}"
EndProject
Project("{FAE04EC0-301F-11D3-BF4B-00C04F79EFBC}") = "SquareEveryDigit", "..\SquareEveryDigit\SquareEveryDigit\SquareEveryDigit.csproj", "{0FF5260A-E0AA-477F-BADA-063107C1ACDC}"
EndProject
Project("{FAE04EC0-301F-11D3-BF4B-00C04F79EFBC}") = "WhoLikesIt", "..\WhoLikesIt\WhoLikesIt\WhoLikesIt.csproj", "{6FE89287-EBD5-45D3-B6B9-33F8EC9491FE}"
EndProject
Global
	GlobalSection(SolutionConfigurationPlatforms) = preSolution
		Debug|Any CPU = Debug|Any CPU
		Release|Any CPU = Release|Any CPU
	EndGlobalSection
	GlobalSection(ProjectConfigurationPlatforms) = postSolution
		{779C9A42-3462-428C-B962-E037445228E1}.Debug|Any CPU.ActiveCfg = Debug|Any CPU
		{779C9A42-3462-428C-B962-E037445228E1}.Debug|Any CPU.Build.0 = Debug|Any CPU
		{779C9A42-3462-428C-B962-E037445228E1}.Release|Any CPU.ActiveCfg = Release|Any CPU
		{779C9A42-3462-428C-B962-E037445228E1}.Release|Any CPU.Build.0 = Release|Any CPU
		{377500E9-E33D-4B57-91B5-7A9118A32B6F}.Debug|Any CPU.ActiveCfg = Debug|Any CPU
		{377500E9-E33D-4B57-91B5-7A9118A32B6F}.Debug|Any CPU.Build.0 = Debug|Any CPU
		{377500E9-E33D-4B57-91B5-7A9118A32B6F}.Release|Any CPU.ActiveCfg = Release|Any CPU
		{377500E9-E33D-4B57-91B5-7A9118A32B6F}.Release|Any CPU.Build.0 = Release|Any CPU
		{071E7292-BA65-4604-915A-F5804A1DBF2F}.Debug|Any CPU.ActiveCfg = Debug|Any CPU
		{071E7292-BA65-4604-915A-F5804A1DBF2F}.Debug|Any CPU.Build.0 = Debug|Any CPU
		{071E7292-BA65-4604-915A-F5804A1DBF2F}.Release|Any CPU.ActiveCfg = Release|Any CPU
		{071E7292-BA65-4604-915A-F5804A1DBF2F}.Release|Any CPU.Build.0 = Release|Any CPU
		{54E821B4-2D97-48BF-BA36-2080193996F6}.Debug|Any CPU.ActiveCfg = Debug|Any CPU
		{54E821B4-2D97-48BF-BA36-2080193996F6}.Debug|Any CPU.Build.0 = Debug|Any CPU
		{54E821B4-2D97-48BF-BA36-2080193996F6}.Release|Any CPU.ActiveCfg = Release|Any CPU
		{54E821B4-2D97-48BF-BA36-2080193996F6}.Release|Any CPU.Build.0 = Release|Any CPU
		{DE31C6EC-6E99-42AE-BCE9-35E4A010FC11}.Debug|Any CPU.ActiveCfg = Debug|Any CPU
		{DE31C6EC-6E99-42AE-BCE9-35E4A010FC11}.Debug|Any CPU.Build.0 = Debug|Any CPU
		{DE31C6EC-6E99-42AE-BCE9-35E4A010FC11}.Release|Any CPU.ActiveCfg = Release|Any CPU
		{DE31C6EC-6E99-42AE-BCE9-35E4A010FC11}.Release|Any CPU.Build.0 = Release|Any CPU
		{32C94398-647F-486F-B663-B352AC8DB89F}.Debug|Any CPU.ActiveCfg = Debug|Any CPU
		{32C94398-647F-486F-B663-B352AC8DB89F}.Debug|Any CPU.Build.0 = Debug|Any CPU
		{32C94398-647F-486F-B663-B352AC8DB89F}.Release|Any CPU.ActiveCfg = Release|Any CPU
		{32C94398-647F-486F-B663-B352AC8DB89F}.Release|Any CPU.Build.0 = Release|Any CPU
		{96BDE5E7-A5BB-4C51-A4F1-754B2B340F07}.Debug|Any CPU.ActiveCfg = Debug|Any CPU
		{96BDE5E7-A5BB-4C51-A4F1-754B2B340F07}.Debug|Any CPU.Build.0 = Debug|Any CPU
		{96BDE5E7-A5BB-4C51-A4F1-754B2B340F07}.Release|Any CPU.ActiveCfg = Release|Any CPU
		{96BDE5E7-A5BB-4C51-A4F1-754B2B340F07}.Release|Any CPU.Build.0 = Release|Any CPU
		{F9E18958-9067-4832-B9F8-DCB637FA5404}.Debug|Any CPU.ActiveCfg = Debug|Any CPU
		{F9E18958-9067-4832-B9F8-DCB637FA5404}.Debug|Any CPU.Build.0 = Debug|Any CPU
		{F9E18958-9067-4832-B9F8-DCB637FA5404}.Release|Any CPU.ActiveCfg = Release|Any CPU
		{F9E18958-9067-4832-B9F8-DCB637FA5404}.Release|Any CPU.Build.0 = Release|Any CPU
		{6A850A4A-7FE5-4074-B703-4D798A2A0A45}.Debug|Any CPU.ActiveCfg = Debug|Any CPU
		{6A850A4A-7FE5-4074-B703-4D798A2A0A45}.Debug|Any CPU.Build.0 = Debug|Any CPU
		{6A850A4A-7FE5-4074-B703-4D798A2A0A45}.Release|Any CPU.ActiveCfg = Release|Any CPU
		{6A850A4A-7FE5-4074-B703-4D798A2A0A45}.Release|Any CPU.Build.0 = Release|Any CPU
		{FA22D9EA-3203-4A83-9C2D-06509A0ADC6D}.Debug|Any CPU.ActiveCfg = Debug|Any CPU
		{FA22D9EA-3203-4A83-9C2D-06509A0ADC6D}.Debug|Any CPU.Build.0 = Debug|Any CPU
		{FA22D9EA-3203-4A83-9C2D-06509A0ADC6D}.Release|Any CPU.ActiveCfg = Release|Any CPU
		{FA22D9EA-3203-4A83-9C2D-06509A0ADC6D}.Release|Any CPU.Build.0 = Release|Any CPU
		{101068A9-63FF-4502-9346-BA4A1482829A}.Debug|Any CPU.ActiveCfg = Debug|Any CPU
		{101068A9-63FF-4502-9346-BA4A1482829A}.Debug|Any CPU.Build.0 = Debug|Any CPU
		{101068A9-63FF-4502-9346-BA4A1482829A}.Release|Any CPU.ActiveCfg = Release|Any CPU
		{101068A9-63FF-4502-9346-BA4A1482829A}.Release|Any CPU.Build.0 = Release|Any CPU
		{0B26EDC3-58C0-4437-8C7C-70942945AA6F}.Debug|Any CPU.ActiveCfg = Debug|Any CPU
		{0B26EDC3-58C0-4437-8C7C-70942945AA6F}.Debug|Any CPU.Build.0 = Debug|Any CPU
		{0B26EDC3-58C0-4437-8C7C-70942945AA6F}.Release|Any CPU.ActiveCfg = Release|Any CPU
		{0B26EDC3-58C0-4437-8C7C-70942945AA6F}.Release|Any CPU.Build.0 = Release|Any CPU
		{27F602E3-12A9-4711-A2DF-AB113505F27F}.Debug|Any CPU.ActiveCfg = Debug|Any CPU
		{27F602E3-12A9-4711-A2DF-AB113505F27F}.Debug|Any CPU.Build.0 = Debug|Any CPU
		{27F602E3-12A9-4711-A2DF-AB113505F27F}.Release|Any CPU.ActiveCfg = Release|Any CPU
		{27F602E3-12A9-4711-A2DF-AB113505F27F}.Release|Any CPU.Build.0 = Release|Any CPU
		{CF81849E-3B31-4B5F-BF16-65A3EBA46C39}.Debug|Any CPU.ActiveCfg = Debug|Any CPU
		{CF81849E-3B31-4B5F-BF16-65A3EBA46C39}.Debug|Any CPU.Build.0 = Debug|Any CPU
		{CF81849E-3B31-4B5F-BF16-65A3EBA46C39}.Release|Any CPU.ActiveCfg = Release|Any CPU
		{CF81849E-3B31-4B5F-BF16-65A3EBA46C39}.Release|Any CPU.Build.0 = Release|Any CPU
		{4B5846A3-2C4C-434A-84D4-AFAA35B5CB26}.Debug|Any CPU.ActiveCfg = Debug|Any CPU
		{4B5846A3-2C4C-434A-84D4-AFAA35B5CB26}.Debug|Any CPU.Build.0 = Debug|Any CPU
		{4B5846A3-2C4C-434A-84D4-AFAA35B5CB26}.Release|Any CPU.ActiveCfg = Release|Any CPU
		{4B5846A3-2C4C-434A-84D4-AFAA35B5CB26}.Release|Any CPU.Build.0 = Release|Any CPU
		{0FF5260A-E0AA-477F-BADA-063107C1ACDC}.Debug|Any CPU.ActiveCfg = Debug|Any CPU
		{0FF5260A-E0AA-477F-BADA-063107C1ACDC}.Debug|Any CPU.Build.0 = Debug|Any CPU
		{0FF5260A-E0AA-477F-BADA-063107C1ACDC}.Release|Any CPU.ActiveCfg = Release|Any CPU
		{0FF5260A-E0AA-477F-BADA-063107C1ACDC}.Release|Any CPU.Build.0 = Release|Any CPU
		{6FE89287-EBD5-45D3-B6B9-33F8EC9491FE}.Debug|Any CPU.ActiveCfg = Debug|Any CPU
		{6FE89287-EBD5-45D3-B6B9-33F8EC9491FE}.Debug|Any CPU.Build.0 = Debug|Any CPU
		{6FE89287-EBD5-45D3-B6B9-33F8EC9491FE}.Release|Any CPU.ActiveCfg = Release|Any CPU
		{6FE89287-EBD5-45D3-B6B9-33F8EC9491FE}.Release|Any CPU.Build.0 = Release|Any CPU
	EndGlobalSection
	GlobalSection(SolutionProperties) = preSolution
		HideSolutionNode = FALSE
	EndGlobalSection
	GlobalSection(ExtensibilityGlobals) = postSolution
		SolutionGuid = {752813B6-1A7C-4DB6-B10C-005406927C5F}
	EndGlobalSection
EndGlobal
